<?xml version="1.0" encoding="utf-8"?>
<Project ToolsVersion="4.0" xmlns="http://schemas.microsoft.com/developer/msbuild/2003">
  <ItemGroup>
    <Filter Include="Stengine">
      <UniqueIdentifier>{A2AD08EA-8E7A-63F5-B793-519DA3BF9883}</UniqueIdentifier>
    </Filter>
  </ItemGroup>
  <ItemGroup>
    <ClInclude Include="src\Stengine.h" />
    <ClInclude Include="src\Stengine\Application.h">
      <Filter>Stengine</Filter>
    </ClInclude>
    <ClInclude Include="src\Stengine\Core.h">
      <Filter>Stengine</Filter>
    </ClInclude>
    <ClInclude Include="src\Stengine\EntryPoint.h">
      <Filter>Stengine</Filter>
    </ClInclude>
    <ClInclude Include="src\Stengine\Log.h">
      <Filter>Stengine</Filter>
    </ClInclude>
  </ItemGroup>
  <ItemGroup>
    <ClCompile Include="src\Stengine\Application.cpp">
      <Filter>Stengine</Filter>
    </ClCompile>
    <ClCompile Include="src\Stengine\Log.cpp">
      <Filter>Stengine</Filter>
    </ClCompile>
  </ItemGroup>
</Project>